// !$*UTF8*$!
{
	archiveVersion = 1;
	classes = {
	};
	objectVersion = 56;
	objects = {

/* Begin PBXBuildFile section */
		37324A8429405FE2002BC74E /* UpdateViewController.swift in Sources */ = {isa = PBXBuildFile; fileRef = 37324A8329405FE2002BC74E /* UpdateViewController.swift */; };
		37324A8B2940869F002BC74E /* UpdateView.swift in Sources */ = {isa = PBXBuildFile; fileRef = 37324A8A2940869F002BC74E /* UpdateView.swift */; };
		37324A8D29408ADB002BC74E /* CustomNavigationView.swift in Sources */ = {isa = PBXBuildFile; fileRef = 37324A8C29408ADB002BC74E /* CustomNavigationView.swift */; };
		37324A8F2941BE84002BC74E /* UITextField+Extenstion.swift in Sources */ = {isa = PBXBuildFile; fileRef = 37324A8E2941BE84002BC74E /* UITextField+Extenstion.swift */; };
		37CD76CE2942F90800E0C9DF /* CustomNavigationViewDelegate.swift in Sources */ = {isa = PBXBuildFile; fileRef = 37CD76CD2942F90800E0C9DF /* CustomNavigationViewDelegate.swift */; };
		37CD76D02942F92800E0C9DF /* PlanUpdateViewControllerDelegate.swift in Sources */ = {isa = PBXBuildFile; fileRef = 37CD76CF2942F92800E0C9DF /* PlanUpdateViewControllerDelegate.swift */; };
		37CD76DD2947128D00E0C9DF /* CoreDataManager.swift in Sources */ = {isa = PBXBuildFile; fileRef = 37CD76D62947128D00E0C9DF /* CoreDataManager.swift */; };
		37CD76E02947128D00E0C9DF /* CoreDataError.swift in Sources */ = {isa = PBXBuildFile; fileRef = 37CD76DB2947128D00E0C9DF /* CoreDataError.swift */; };
		37CD76E3294713C400E0C9DF /* PDSModel+CoreDataClass.swift in Sources */ = {isa = PBXBuildFile; fileRef = 37CD76E1294713C400E0C9DF /* PDSModel+CoreDataClass.swift */; };
		37CD76E4294713C400E0C9DF /* PDSModel+CoreDataProperties.swift in Sources */ = {isa = PBXBuildFile; fileRef = 37CD76E2294713C400E0C9DF /* PDSModel+CoreDataProperties.swift */; };
		37CD76E8294716B200E0C9DF /* PDSDiaryUseCase.swift in Sources */ = {isa = PBXBuildFile; fileRef = 37CD76E7294716B200E0C9DF /* PDSDiaryUseCase.swift */; };
		37CD76EB29471A2100E0C9DF /* PDSDiaryRepository.swift in Sources */ = {isa = PBXBuildFile; fileRef = 37CD76EA29471A2100E0C9DF /* PDSDiaryRepository.swift */; };
		37CD76EE29471A7A00E0C9DF /* CoreDataRepository.swift in Sources */ = {isa = PBXBuildFile; fileRef = 37CD76ED29471A7A00E0C9DF /* CoreDataRepository.swift */; };
		37CD76F029471E4E00E0C9DF /* UseCase.swift in Sources */ = {isa = PBXBuildFile; fileRef = 37CD76EF29471E4E00E0C9DF /* UseCase.swift */; };
		37CD76F229471F6400E0C9DF /* Manager.swift in Sources */ = {isa = PBXBuildFile; fileRef = 37CD76F129471F6400E0C9DF /* Manager.swift */; };
		37CD76F52947200D00E0C9DF /* PDSDiaryManager.swift in Sources */ = {isa = PBXBuildFile; fileRef = 37CD76F42947200D00E0C9DF /* PDSDiaryManager.swift */; };
		37CD76F729498E4500E0C9DF /* UIView+Extension.swift in Sources */ = {isa = PBXBuildFile; fileRef = 37CD76F629498E4500E0C9DF /* UIView+Extension.swift */; };
		37CD76F929498E5A00E0C9DF /* UIResponder+Extension.swift in Sources */ = {isa = PBXBuildFile; fileRef = 37CD76F829498E5A00E0C9DF /* UIResponder+Extension.swift */; };
		37EF1610293DD86C00951A60 /* AppDelegate.swift in Sources */ = {isa = PBXBuildFile; fileRef = 37EF160F293DD86C00951A60 /* AppDelegate.swift */; };
		37EF1612293DD86C00951A60 /* SceneDelegate.swift in Sources */ = {isa = PBXBuildFile; fileRef = 37EF1611293DD86C00951A60 /* SceneDelegate.swift */; };
		37EF1614293DD86C00951A60 /* MainViewController.swift in Sources */ = {isa = PBXBuildFile; fileRef = 37EF1613293DD86C00951A60 /* MainViewController.swift */; };
		37EF161A293DD86C00951A60 /* PDSDiary.xcdatamodeld in Sources */ = {isa = PBXBuildFile; fileRef = 37EF1618293DD86C00951A60 /* PDSDiary.xcdatamodeld */; };
		37EF161C293DD86D00951A60 /* Assets.xcassets in Resources */ = {isa = PBXBuildFile; fileRef = 37EF161B293DD86D00951A60 /* Assets.xcassets */; };
		37EF161F293DD86D00951A60 /* LaunchScreen.storyboard in Resources */ = {isa = PBXBuildFile; fileRef = 37EF161D293DD86D00951A60 /* LaunchScreen.storyboard */; };
		37EF1627293E071F00951A60 /* DiaryModel.swift in Sources */ = {isa = PBXBuildFile; fileRef = 37EF1626293E071F00951A60 /* DiaryModel.swift */; };
		37EF162A293E13BE00951A60 /* Date+Extension.swift in Sources */ = {isa = PBXBuildFile; fileRef = 37EF1629293E13BE00951A60 /* Date+Extension.swift */; };
		37EF162D293E152A00951A60 /* DiaryTableViewCell.swift in Sources */ = {isa = PBXBuildFile; fileRef = 37EF162C293E152A00951A60 /* DiaryTableViewCell.swift */; };
		37EF162F293E17D700951A60 /* DummyData.swift in Sources */ = {isa = PBXBuildFile; fileRef = 37EF162E293E17D700951A60 /* DummyData.swift */; };
		37EF1643293F0C3500951A60 /* Grade.swift in Sources */ = {isa = PBXBuildFile; fileRef = 37EF1642293F0C3500951A60 /* Grade.swift */; };
		37EF1645293F684400951A60 /* WiseSayingView.swift in Sources */ = {isa = PBXBuildFile; fileRef = 37EF1644293F684400951A60 /* WiseSayingView.swift */; };
		37EF1647293F6C4A00951A60 /* CalendarView.swift in Sources */ = {isa = PBXBuildFile; fileRef = 37EF1646293F6C4A00951A60 /* CalendarView.swift */; };
		37EF1649293F6D8B00951A60 /* DiaryView.swift in Sources */ = {isa = PBXBuildFile; fileRef = 37EF1648293F6D8B00951A60 /* DiaryView.swift */; };
		37EF164F293F725100951A60 /* WiseSayingRequest.swift in Sources */ = {isa = PBXBuildFile; fileRef = 37EF164B293F725100951A60 /* WiseSayingRequest.swift */; };
		37EF1650293F725100951A60 /* APIError.swift in Sources */ = {isa = PBXBuildFile; fileRef = 37EF164C293F725100951A60 /* APIError.swift */; };
		37EF1651293F725100951A60 /* HTTPMethod.swift in Sources */ = {isa = PBXBuildFile; fileRef = 37EF164D293F725100951A60 /* HTTPMethod.swift */; };
		37EF1652293F725100951A60 /* APIRequest.swift in Sources */ = {isa = PBXBuildFile; fileRef = 37EF164E293F725100951A60 /* APIRequest.swift */; };
/* End PBXBuildFile section */

/* Begin PBXFileReference section */
		37324A8329405FE2002BC74E /* UpdateViewController.swift */ = {isa = PBXFileReference; lastKnownFileType = sourcecode.swift; path = UpdateViewController.swift; sourceTree = "<group>"; };
		37324A8A2940869F002BC74E /* UpdateView.swift */ = {isa = PBXFileReference; lastKnownFileType = sourcecode.swift; path = UpdateView.swift; sourceTree = "<group>"; };
		37324A8C29408ADB002BC74E /* CustomNavigationView.swift */ = {isa = PBXFileReference; lastKnownFileType = sourcecode.swift; path = CustomNavigationView.swift; sourceTree = "<group>"; };
		37324A8E2941BE84002BC74E /* UITextField+Extenstion.swift */ = {isa = PBXFileReference; lastKnownFileType = sourcecode.swift; path = "UITextField+Extenstion.swift"; sourceTree = "<group>"; };
		37CD76CD2942F90800E0C9DF /* CustomNavigationViewDelegate.swift */ = {isa = PBXFileReference; lastKnownFileType = sourcecode.swift; path = CustomNavigationViewDelegate.swift; sourceTree = "<group>"; };
		37CD76CF2942F92800E0C9DF /* PlanUpdateViewControllerDelegate.swift */ = {isa = PBXFileReference; lastKnownFileType = sourcecode.swift; path = PlanUpdateViewControllerDelegate.swift; sourceTree = "<group>"; };
		37CD76D62947128D00E0C9DF /* CoreDataManager.swift */ = {isa = PBXFileReference; fileEncoding = 4; lastKnownFileType = sourcecode.swift; path = CoreDataManager.swift; sourceTree = "<group>"; };
		37CD76DB2947128D00E0C9DF /* CoreDataError.swift */ = {isa = PBXFileReference; fileEncoding = 4; lastKnownFileType = sourcecode.swift; path = CoreDataError.swift; sourceTree = "<group>"; };
		37CD76E1294713C400E0C9DF /* PDSModel+CoreDataClass.swift */ = {isa = PBXFileReference; lastKnownFileType = sourcecode.swift; path = "PDSModel+CoreDataClass.swift"; sourceTree = "<group>"; };
		37CD76E2294713C400E0C9DF /* PDSModel+CoreDataProperties.swift */ = {isa = PBXFileReference; lastKnownFileType = sourcecode.swift; path = "PDSModel+CoreDataProperties.swift"; sourceTree = "<group>"; };
		37CD76E7294716B200E0C9DF /* PDSDiaryUseCase.swift */ = {isa = PBXFileReference; lastKnownFileType = sourcecode.swift; path = PDSDiaryUseCase.swift; sourceTree = "<group>"; };
		37CD76EA29471A2100E0C9DF /* PDSDiaryRepository.swift */ = {isa = PBXFileReference; lastKnownFileType = sourcecode.swift; path = PDSDiaryRepository.swift; sourceTree = "<group>"; };
		37CD76ED29471A7A00E0C9DF /* CoreDataRepository.swift */ = {isa = PBXFileReference; lastKnownFileType = sourcecode.swift; path = CoreDataRepository.swift; sourceTree = "<group>"; };
		37CD76EF29471E4E00E0C9DF /* UseCase.swift */ = {isa = PBXFileReference; lastKnownFileType = sourcecode.swift; path = UseCase.swift; sourceTree = "<group>"; };
		37CD76F129471F6400E0C9DF /* Manager.swift */ = {isa = PBXFileReference; lastKnownFileType = sourcecode.swift; path = Manager.swift; sourceTree = "<group>"; };
		37CD76F42947200D00E0C9DF /* PDSDiaryManager.swift */ = {isa = PBXFileReference; lastKnownFileType = sourcecode.swift; path = PDSDiaryManager.swift; sourceTree = "<group>"; };
		37CD76F629498E4500E0C9DF /* UIView+Extension.swift */ = {isa = PBXFileReference; lastKnownFileType = sourcecode.swift; path = "UIView+Extension.swift"; sourceTree = "<group>"; };
		37CD76F829498E5A00E0C9DF /* UIResponder+Extension.swift */ = {isa = PBXFileReference; lastKnownFileType = sourcecode.swift; path = "UIResponder+Extension.swift"; sourceTree = "<group>"; };
		37EF160C293DD86C00951A60 /* PDSDiary.app */ = {isa = PBXFileReference; explicitFileType = wrapper.application; includeInIndex = 0; path = PDSDiary.app; sourceTree = BUILT_PRODUCTS_DIR; };
		37EF160F293DD86C00951A60 /* AppDelegate.swift */ = {isa = PBXFileReference; lastKnownFileType = sourcecode.swift; path = AppDelegate.swift; sourceTree = "<group>"; };
		37EF1611293DD86C00951A60 /* SceneDelegate.swift */ = {isa = PBXFileReference; lastKnownFileType = sourcecode.swift; path = SceneDelegate.swift; sourceTree = "<group>"; };
		37EF1613293DD86C00951A60 /* MainViewController.swift */ = {isa = PBXFileReference; lastKnownFileType = sourcecode.swift; path = MainViewController.swift; sourceTree = "<group>"; };
		37EF1619293DD86C00951A60 /* PDSDiary.xcdatamodel */ = {isa = PBXFileReference; lastKnownFileType = wrapper.xcdatamodel; path = PDSDiary.xcdatamodel; sourceTree = "<group>"; };
		37EF161B293DD86D00951A60 /* Assets.xcassets */ = {isa = PBXFileReference; lastKnownFileType = folder.assetcatalog; path = Assets.xcassets; sourceTree = "<group>"; };
		37EF161E293DD86D00951A60 /* Base */ = {isa = PBXFileReference; lastKnownFileType = file.storyboard; name = Base; path = Base.lproj/LaunchScreen.storyboard; sourceTree = "<group>"; };
		37EF1620293DD86D00951A60 /* Info.plist */ = {isa = PBXFileReference; lastKnownFileType = text.plist.xml; path = Info.plist; sourceTree = "<group>"; };
		37EF1626293E071F00951A60 /* DiaryModel.swift */ = {isa = PBXFileReference; lastKnownFileType = sourcecode.swift; path = DiaryModel.swift; sourceTree = "<group>"; };
		37EF1629293E13BE00951A60 /* Date+Extension.swift */ = {isa = PBXFileReference; lastKnownFileType = sourcecode.swift; path = "Date+Extension.swift"; sourceTree = "<group>"; };
		37EF162C293E152A00951A60 /* DiaryTableViewCell.swift */ = {isa = PBXFileReference; lastKnownFileType = sourcecode.swift; path = DiaryTableViewCell.swift; sourceTree = "<group>"; };
		37EF162E293E17D700951A60 /* DummyData.swift */ = {isa = PBXFileReference; lastKnownFileType = sourcecode.swift; path = DummyData.swift; sourceTree = "<group>"; };
		37EF1642293F0C3500951A60 /* Grade.swift */ = {isa = PBXFileReference; lastKnownFileType = sourcecode.swift; path = Grade.swift; sourceTree = "<group>"; };
		37EF1644293F684400951A60 /* WiseSayingView.swift */ = {isa = PBXFileReference; lastKnownFileType = sourcecode.swift; path = WiseSayingView.swift; sourceTree = "<group>"; };
		37EF1646293F6C4A00951A60 /* CalendarView.swift */ = {isa = PBXFileReference; lastKnownFileType = sourcecode.swift; path = CalendarView.swift; sourceTree = "<group>"; };
		37EF1648293F6D8B00951A60 /* DiaryView.swift */ = {isa = PBXFileReference; lastKnownFileType = sourcecode.swift; path = DiaryView.swift; sourceTree = "<group>"; };
		37EF164B293F725100951A60 /* WiseSayingRequest.swift */ = {isa = PBXFileReference; fileEncoding = 4; lastKnownFileType = sourcecode.swift; path = WiseSayingRequest.swift; sourceTree = "<group>"; };
		37EF164C293F725100951A60 /* APIError.swift */ = {isa = PBXFileReference; fileEncoding = 4; lastKnownFileType = sourcecode.swift; path = APIError.swift; sourceTree = "<group>"; };
		37EF164D293F725100951A60 /* HTTPMethod.swift */ = {isa = PBXFileReference; fileEncoding = 4; lastKnownFileType = sourcecode.swift; path = HTTPMethod.swift; sourceTree = "<group>"; };
		37EF164E293F725100951A60 /* APIRequest.swift */ = {isa = PBXFileReference; fileEncoding = 4; lastKnownFileType = sourcecode.swift; path = APIRequest.swift; sourceTree = "<group>"; };
/* End PBXFileReference section */

/* Begin PBXFrameworksBuildPhase section */
		37EF1609293DD86C00951A60 /* Frameworks */ = {
			isa = PBXFrameworksBuildPhase;
			buildActionMask = 2147483647;
			files = (
			);
			runOnlyForDeploymentPostprocessing = 0;
		};
/* End PBXFrameworksBuildPhase section */

/* Begin PBXGroup section */
		371FCC54294EF5910011E349 /* Data */ = {
			isa = PBXGroup;
			children = (
				37CD76D2294711E400E0C9DF /* Repository */,
			);
			path = Data;
			sourceTree = "<group>";
		};
		37324A85294064CA002BC74E /* Presentation */ = {
			isa = PBXGroup;
			children = (
				37324A86294064D9002BC74E /* Calendar */,
				37324A8729406509002BC74E /* Update */,
			);
			path = Presentation;
			sourceTree = "<group>";
		};
		37324A86294064D9002BC74E /* Calendar */ = {
			isa = PBXGroup;
			children = (
				37EF1632293E21DC00951A60 /* Controller */,
				37EF1631293E21D400951A60 /* View */,
			);
			path = Calendar;
			sourceTree = "<group>";
		};
		37324A8729406509002BC74E /* Update */ = {
			isa = PBXGroup;
			children = (
				37324A882940653B002BC74E /* Controller */,
				37324A8929406548002BC74E /* View */,
			);
			path = Update;
			sourceTree = "<group>";
		};
		37324A882940653B002BC74E /* Controller */ = {
			isa = PBXGroup;
			children = (
				37324A8329405FE2002BC74E /* UpdateViewController.swift */,
			);
			path = Controller;
			sourceTree = "<group>";
		};
		37324A8929406548002BC74E /* View */ = {
			isa = PBXGroup;
			children = (
				37324A8A2940869F002BC74E /* UpdateView.swift */,
				37324A8C29408ADB002BC74E /* CustomNavigationView.swift */,
			);
			path = View;
			sourceTree = "<group>";
		};
		37324A902941C880002BC74E /* Protocol */ = {
			isa = PBXGroup;
			children = (
				37CD76CD2942F90800E0C9DF /* CustomNavigationViewDelegate.swift */,
				37CD76CF2942F92800E0C9DF /* PlanUpdateViewControllerDelegate.swift */,
				37CD76EA29471A2100E0C9DF /* PDSDiaryRepository.swift */,
				37CD76E7294716B200E0C9DF /* PDSDiaryUseCase.swift */,
				37CD76F42947200D00E0C9DF /* PDSDiaryManager.swift */,
			);
			path = Protocol;
			sourceTree = "<group>";
		};
		37CD76D12946F14800E0C9DF /* Domain */ = {
			isa = PBXGroup;
			children = (
				37CD76E62947165900E0C9DF /* Model */,
				37CD76E52947153F00E0C9DF /* UseCases */,
				37EF1630293E21C600951A60 /* Entities */,
			);
			path = Domain;
			sourceTree = "<group>";
		};
		37CD76D2294711E400E0C9DF /* Repository */ = {
			isa = PBXGroup;
			children = (
				37CD76D32947127800E0C9DF /* CoreData */,
			);
			path = Repository;
			sourceTree = "<group>";
		};
		37CD76D32947127800E0C9DF /* CoreData */ = {
			isa = PBXGroup;
			children = (
				37CD76ED29471A7A00E0C9DF /* CoreDataRepository.swift */,
				37EF1618293DD86C00951A60 /* PDSDiary.xcdatamodeld */,
				37CD76E1294713C400E0C9DF /* PDSModel+CoreDataClass.swift */,
				37CD76E2294713C400E0C9DF /* PDSModel+CoreDataProperties.swift */,
				37CD76D42947128D00E0C9DF /* Module */,
			);
			path = CoreData;
			sourceTree = "<group>";
		};
		37CD76D42947128D00E0C9DF /* Module */ = {
			isa = PBXGroup;
			children = (
				37CD76D62947128D00E0C9DF /* CoreDataManager.swift */,
			);
			path = Module;
			sourceTree = "<group>";
		};
		37CD76DA2947128D00E0C9DF /* Error */ = {
			isa = PBXGroup;
			children = (
				37EF164C293F725100951A60 /* APIError.swift */,
				37CD76DB2947128D00E0C9DF /* CoreDataError.swift */,
			);
			path = Error;
			sourceTree = "<group>";
		};
		37CD76E52947153F00E0C9DF /* UseCases */ = {
			isa = PBXGroup;
			children = (
				37CD76EF29471E4E00E0C9DF /* UseCase.swift */,
			);
			path = UseCases;
			sourceTree = "<group>";
		};
		37CD76E62947165900E0C9DF /* Model */ = {
			isa = PBXGroup;
			children = (
				37CD76F129471F6400E0C9DF /* Manager.swift */,
			);
			path = Model;
			sourceTree = "<group>";
		};
		37EF1603293DD86C00951A60 = {
			isa = PBXGroup;
			children = (
				37EF160E293DD86C00951A60 /* PDSDiary */,
				37EF160D293DD86C00951A60 /* Products */,
			);
			sourceTree = "<group>";
		};
		37EF160D293DD86C00951A60 /* Products */ = {
			isa = PBXGroup;
			children = (
				37EF160C293DD86C00951A60 /* PDSDiary.app */,
			);
			name = Products;
			sourceTree = "<group>";
		};
		37EF160E293DD86C00951A60 /* PDSDiary */ = {
			isa = PBXGroup;
			children = (
				37EF1635293E222500951A60 /* Application */,
				37EF1633293E21F100951A60 /* Common */,
				37CD76D12946F14800E0C9DF /* Domain */,
				37324A85294064CA002BC74E /* Presentation */,
				371FCC54294EF5910011E349 /* Data */,
				37EF1636293E223C00951A60 /* Resources */,
				37EF1634293E220400951A60 /* TestDouble */,
			);
			path = PDSDiary;
			sourceTree = "<group>";
		};
		37EF1628293E13A900951A60 /* Extension */ = {
			isa = PBXGroup;
			children = (
				37EF1629293E13BE00951A60 /* Date+Extension.swift */,
				37324A8E2941BE84002BC74E /* UITextField+Extenstion.swift */,
				37CD76F629498E4500E0C9DF /* UIView+Extension.swift */,
				37CD76F829498E5A00E0C9DF /* UIResponder+Extension.swift */,
			);
			path = Extension;
			sourceTree = "<group>";
		};
		37EF1630293E21C600951A60 /* Entities */ = {
			isa = PBXGroup;
			children = (
				37EF1642293F0C3500951A60 /* Grade.swift */,
				37EF1626293E071F00951A60 /* DiaryModel.swift */,
			);
			path = Entities;
			sourceTree = "<group>";
		};
		37EF1631293E21D400951A60 /* View */ = {
			isa = PBXGroup;
			children = (
				37EF1646293F6C4A00951A60 /* CalendarView.swift */,
				37EF162C293E152A00951A60 /* DiaryTableViewCell.swift */,
				37EF1648293F6D8B00951A60 /* DiaryView.swift */,
				37EF1644293F684400951A60 /* WiseSayingView.swift */,
			);
			path = View;
			sourceTree = "<group>";
		};
		37EF1632293E21DC00951A60 /* Controller */ = {
			isa = PBXGroup;
			children = (
				37EF1613293DD86C00951A60 /* MainViewController.swift */,
			);
			path = Controller;
			sourceTree = "<group>";
		};
		37EF1633293E21F100951A60 /* Common */ = {
			isa = PBXGroup;
			children = (
				37EF164A293F725100951A60 /* APIReqeust */,
				37CD76DA2947128D00E0C9DF /* Error */,
				37EF1628293E13A900951A60 /* Extension */,
				37324A902941C880002BC74E /* Protocol */,
			);
			path = Common;
			sourceTree = "<group>";
		};
		37EF1634293E220400951A60 /* TestDouble */ = {
			isa = PBXGroup;
			children = (
				37EF162E293E17D700951A60 /* DummyData.swift */,
			);
			path = TestDouble;
			sourceTree = "<group>";
		};
		37EF1635293E222500951A60 /* Application */ = {
			isa = PBXGroup;
			children = (
				37EF160F293DD86C00951A60 /* AppDelegate.swift */,
				37EF1611293DD86C00951A60 /* SceneDelegate.swift */,
			);
			path = Application;
			sourceTree = "<group>";
		};
		37EF1636293E223C00951A60 /* Resources */ = {
			isa = PBXGroup;
			children = (
				37EF1620293DD86D00951A60 /* Info.plist */,
				37EF161B293DD86D00951A60 /* Assets.xcassets */,
				37EF161D293DD86D00951A60 /* LaunchScreen.storyboard */,
			);
			path = Resources;
			sourceTree = "<group>";
		};
		37EF164A293F725100951A60 /* APIReqeust */ = {
			isa = PBXGroup;
			children = (
				37EF164E293F725100951A60 /* APIRequest.swift */,
				37EF164D293F725100951A60 /* HTTPMethod.swift */,
				37EF164B293F725100951A60 /* WiseSayingRequest.swift */,
			);
			path = APIReqeust;
			sourceTree = "<group>";
		};
/* End PBXGroup section */

/* Begin PBXNativeTarget section */
		37EF160B293DD86C00951A60 /* PDSDiary */ = {
			isa = PBXNativeTarget;
			buildConfigurationList = 37EF1623293DD86D00951A60 /* Build configuration list for PBXNativeTarget "PDSDiary" */;
			buildPhases = (
				37EF1608293DD86C00951A60 /* Sources */,
				37EF1609293DD86C00951A60 /* Frameworks */,
				37EF160A293DD86C00951A60 /* Resources */,
			);
			buildRules = (
			);
			dependencies = (
			);
			name = PDSDiary;
			productName = PDSDiary;
			productReference = 37EF160C293DD86C00951A60 /* PDSDiary.app */;
			productType = "com.apple.product-type.application";
		};
/* End PBXNativeTarget section */

/* Begin PBXProject section */
		37EF1604293DD86C00951A60 /* Project object */ = {
			isa = PBXProject;
			attributes = {
				BuildIndependentTargetsInParallel = 1;
				LastSwiftUpdateCheck = 1410;
				LastUpgradeCheck = 1410;
				TargetAttributes = {
					37EF160B293DD86C00951A60 = {
						CreatedOnToolsVersion = 14.1;
					};
				};
			};
			buildConfigurationList = 37EF1607293DD86C00951A60 /* Build configuration list for PBXProject "PDSDiary" */;
			compatibilityVersion = "Xcode 14.0";
			developmentRegion = en;
			hasScannedForEncodings = 0;
			knownRegions = (
				en,
				Base,
			);
			mainGroup = 37EF1603293DD86C00951A60;
			productRefGroup = 37EF160D293DD86C00951A60 /* Products */;
			projectDirPath = "";
			projectRoot = "";
			targets = (
				37EF160B293DD86C00951A60 /* PDSDiary */,
			);
		};
/* End PBXProject section */

/* Begin PBXResourcesBuildPhase section */
		37EF160A293DD86C00951A60 /* Resources */ = {
			isa = PBXResourcesBuildPhase;
			buildActionMask = 2147483647;
			files = (
				37EF161F293DD86D00951A60 /* LaunchScreen.storyboard in Resources */,
				37EF161C293DD86D00951A60 /* Assets.xcassets in Resources */,
			);
			runOnlyForDeploymentPostprocessing = 0;
		};
/* End PBXResourcesBuildPhase section */

/* Begin PBXSourcesBuildPhase section */
		37EF1608293DD86C00951A60 /* Sources */ = {
			isa = PBXSourcesBuildPhase;
			buildActionMask = 2147483647;
			files = (
				37CD76F729498E4500E0C9DF /* UIView+Extension.swift in Sources */,
				37EF1651293F725100951A60 /* HTTPMethod.swift in Sources */,
				37CD76F929498E5A00E0C9DF /* UIResponder+Extension.swift in Sources */,
				37EF162F293E17D700951A60 /* DummyData.swift in Sources */,
				37EF162D293E152A00951A60 /* DiaryTableViewCell.swift in Sources */,
				37CD76EB29471A2100E0C9DF /* PDSDiaryRepository.swift in Sources */,
				37EF1627293E071F00951A60 /* DiaryModel.swift in Sources */,
				37EF1614293DD86C00951A60 /* MainViewController.swift in Sources */,
				37324A8F2941BE84002BC74E /* UITextField+Extenstion.swift in Sources */,
				37CD76F029471E4E00E0C9DF /* UseCase.swift in Sources */,
				37CD76DD2947128D00E0C9DF /* CoreDataManager.swift in Sources */,
				37CD76F52947200D00E0C9DF /* PDSDiaryManager.swift in Sources */,
				37EF161A293DD86C00951A60 /* PDSDiary.xcdatamodeld in Sources */,
				37EF1647293F6C4A00951A60 /* CalendarView.swift in Sources */,
				37EF1610293DD86C00951A60 /* AppDelegate.swift in Sources */,
				37CD76D02942F92800E0C9DF /* PlanUpdateViewControllerDelegate.swift in Sources */,
				37EF1612293DD86C00951A60 /* SceneDelegate.swift in Sources */,
				37EF162A293E13BE00951A60 /* Date+Extension.swift in Sources */,
				37CD76E02947128D00E0C9DF /* CoreDataError.swift in Sources */,
				37EF1645293F684400951A60 /* WiseSayingView.swift in Sources */,
				37CD76E3294713C400E0C9DF /* PDSModel+CoreDataClass.swift in Sources */,
				37CD76E8294716B200E0C9DF /* PDSDiaryUseCase.swift in Sources */,
				37324A8B2940869F002BC74E /* UpdateView.swift in Sources */,
				37CD76E4294713C400E0C9DF /* PDSModel+CoreDataProperties.swift in Sources */,
				37EF1643293F0C3500951A60 /* Grade.swift in Sources */,
				37EF1649293F6D8B00951A60 /* DiaryView.swift in Sources */,
				37324A8429405FE2002BC74E /* UpdateViewController.swift in Sources */,
				37CD76CE2942F90800E0C9DF /* CustomNavigationViewDelegate.swift in Sources */,
				37324A8D29408ADB002BC74E /* CustomNavigationView.swift in Sources */,
				37EF164F293F725100951A60 /* WiseSayingRequest.swift in Sources */,
				37CD76F229471F6400E0C9DF /* Manager.swift in Sources */,
				37EF1652293F725100951A60 /* APIRequest.swift in Sources */,
				37CD76EE29471A7A00E0C9DF /* CoreDataRepository.swift in Sources */,
				37EF1650293F725100951A60 /* APIError.swift in Sources */,
			);
			runOnlyForDeploymentPostprocessing = 0;
		};
/* End PBXSourcesBuildPhase section */

/* Begin PBXVariantGroup section */
		37EF161D293DD86D00951A60 /* LaunchScreen.storyboard */ = {
			isa = PBXVariantGroup;
			children = (
				37EF161E293DD86D00951A60 /* Base */,
			);
			name = LaunchScreen.storyboard;
			sourceTree = "<group>";
		};
/* End PBXVariantGroup section */

/* Begin XCBuildConfiguration section */
		37EF1621293DD86D00951A60 /* Debug */ = {
			isa = XCBuildConfiguration;
			buildSettings = {
				ALWAYS_SEARCH_USER_PATHS = NO;
				CLANG_ANALYZER_NONNULL = YES;
				CLANG_ANALYZER_NUMBER_OBJECT_CONVERSION = YES_AGGRESSIVE;
				CLANG_CXX_LANGUAGE_STANDARD = "gnu++20";
				CLANG_ENABLE_MODULES = YES;
				CLANG_ENABLE_OBJC_ARC = YES;
				CLANG_ENABLE_OBJC_WEAK = YES;
				CLANG_WARN_BLOCK_CAPTURE_AUTORELEASING = YES;
				CLANG_WARN_BOOL_CONVERSION = YES;
				CLANG_WARN_COMMA = YES;
				CLANG_WARN_CONSTANT_CONVERSION = YES;
				CLANG_WARN_DEPRECATED_OBJC_IMPLEMENTATIONS = YES;
				CLANG_WARN_DIRECT_OBJC_ISA_USAGE = YES_ERROR;
				CLANG_WARN_DOCUMENTATION_COMMENTS = YES;
				CLANG_WARN_EMPTY_BODY = YES;
				CLANG_WARN_ENUM_CONVERSION = YES;
				CLANG_WARN_INFINITE_RECURSION = YES;
				CLANG_WARN_INT_CONVERSION = YES;
				CLANG_WARN_NON_LITERAL_NULL_CONVERSION = YES;
				CLANG_WARN_OBJC_IMPLICIT_RETAIN_SELF = YES;
				CLANG_WARN_OBJC_LITERAL_CONVERSION = YES;
				CLANG_WARN_OBJC_ROOT_CLASS = YES_ERROR;
				CLANG_WARN_QUOTED_INCLUDE_IN_FRAMEWORK_HEADER = YES;
				CLANG_WARN_RANGE_LOOP_ANALYSIS = YES;
				CLANG_WARN_STRICT_PROTOTYPES = YES;
				CLANG_WARN_SUSPICIOUS_MOVE = YES;
				CLANG_WARN_UNGUARDED_AVAILABILITY = YES_AGGRESSIVE;
				CLANG_WARN_UNREACHABLE_CODE = YES;
				CLANG_WARN__DUPLICATE_METHOD_MATCH = YES;
				COPY_PHASE_STRIP = NO;
				DEBUG_INFORMATION_FORMAT = dwarf;
				ENABLE_STRICT_OBJC_MSGSEND = YES;
				ENABLE_TESTABILITY = YES;
				GCC_C_LANGUAGE_STANDARD = gnu11;
				GCC_DYNAMIC_NO_PIC = NO;
				GCC_NO_COMMON_BLOCKS = YES;
				GCC_OPTIMIZATION_LEVEL = 0;
				GCC_PREPROCESSOR_DEFINITIONS = (
					"DEBUG=1",
					"$(inherited)",
				);
				GCC_WARN_64_TO_32_BIT_CONVERSION = YES;
				GCC_WARN_ABOUT_RETURN_TYPE = YES_ERROR;
				GCC_WARN_UNDECLARED_SELECTOR = YES;
				GCC_WARN_UNINITIALIZED_AUTOS = YES_AGGRESSIVE;
				GCC_WARN_UNUSED_FUNCTION = YES;
				GCC_WARN_UNUSED_VARIABLE = YES;
				IPHONEOS_DEPLOYMENT_TARGET = 16.1;
				MTL_ENABLE_DEBUG_INFO = INCLUDE_SOURCE;
				MTL_FAST_MATH = YES;
				ONLY_ACTIVE_ARCH = YES;
				SDKROOT = iphoneos;
				SWIFT_ACTIVE_COMPILATION_CONDITIONS = DEBUG;
				SWIFT_OPTIMIZATION_LEVEL = "-Onone";
			};
			name = Debug;
		};
		37EF1622293DD86D00951A60 /* Release */ = {
			isa = XCBuildConfiguration;
			buildSettings = {
				ALWAYS_SEARCH_USER_PATHS = NO;
				CLANG_ANALYZER_NONNULL = YES;
				CLANG_ANALYZER_NUMBER_OBJECT_CONVERSION = YES_AGGRESSIVE;
				CLANG_CXX_LANGUAGE_STANDARD = "gnu++20";
				CLANG_ENABLE_MODULES = YES;
				CLANG_ENABLE_OBJC_ARC = YES;
				CLANG_ENABLE_OBJC_WEAK = YES;
				CLANG_WARN_BLOCK_CAPTURE_AUTORELEASING = YES;
				CLANG_WARN_BOOL_CONVERSION = YES;
				CLANG_WARN_COMMA = YES;
				CLANG_WARN_CONSTANT_CONVERSION = YES;
				CLANG_WARN_DEPRECATED_OBJC_IMPLEMENTATIONS = YES;
				CLANG_WARN_DIRECT_OBJC_ISA_USAGE = YES_ERROR;
				CLANG_WARN_DOCUMENTATION_COMMENTS = YES;
				CLANG_WARN_EMPTY_BODY = YES;
				CLANG_WARN_ENUM_CONVERSION = YES;
				CLANG_WARN_INFINITE_RECURSION = YES;
				CLANG_WARN_INT_CONVERSION = YES;
				CLANG_WARN_NON_LITERAL_NULL_CONVERSION = YES;
				CLANG_WARN_OBJC_IMPLICIT_RETAIN_SELF = YES;
				CLANG_WARN_OBJC_LITERAL_CONVERSION = YES;
				CLANG_WARN_OBJC_ROOT_CLASS = YES_ERROR;
				CLANG_WARN_QUOTED_INCLUDE_IN_FRAMEWORK_HEADER = YES;
				CLANG_WARN_RANGE_LOOP_ANALYSIS = YES;
				CLANG_WARN_STRICT_PROTOTYPES = YES;
				CLANG_WARN_SUSPICIOUS_MOVE = YES;
				CLANG_WARN_UNGUARDED_AVAILABILITY = YES_AGGRESSIVE;
				CLANG_WARN_UNREACHABLE_CODE = YES;
				CLANG_WARN__DUPLICATE_METHOD_MATCH = YES;
				COPY_PHASE_STRIP = NO;
				DEBUG_INFORMATION_FORMAT = "dwarf-with-dsym";
				ENABLE_NS_ASSERTIONS = NO;
				ENABLE_STRICT_OBJC_MSGSEND = YES;
				GCC_C_LANGUAGE_STANDARD = gnu11;
				GCC_NO_COMMON_BLOCKS = YES;
				GCC_WARN_64_TO_32_BIT_CONVERSION = YES;
				GCC_WARN_ABOUT_RETURN_TYPE = YES_ERROR;
				GCC_WARN_UNDECLARED_SELECTOR = YES;
				GCC_WARN_UNINITIALIZED_AUTOS = YES_AGGRESSIVE;
				GCC_WARN_UNUSED_FUNCTION = YES;
				GCC_WARN_UNUSED_VARIABLE = YES;
				IPHONEOS_DEPLOYMENT_TARGET = 16.1;
				MTL_ENABLE_DEBUG_INFO = NO;
				MTL_FAST_MATH = YES;
				SDKROOT = iphoneos;
				SWIFT_COMPILATION_MODE = wholemodule;
				SWIFT_OPTIMIZATION_LEVEL = "-O";
				VALIDATE_PRODUCT = YES;
			};
			name = Release;
		};
		37EF1624293DD86D00951A60 /* Debug */ = {
			isa = XCBuildConfiguration;
			buildSettings = {
				ASSETCATALOG_COMPILER_APPICON_NAME = AppIcon;
				ASSETCATALOG_COMPILER_GLOBAL_ACCENT_COLOR_NAME = AccentColor;
				CODE_SIGN_STYLE = Automatic;
				CURRENT_PROJECT_VERSION = 1;
				DEVELOPMENT_TEAM = T88X9NULSG;
				GENERATE_INFOPLIST_FILE = YES;
				INFOPLIST_FILE = PDSDiary/Resources/Info.plist;
				INFOPLIST_KEY_CFBundleDisplayName = "PDS Diary";
				INFOPLIST_KEY_LSApplicationCategoryType = "public.app-category.lifestyle";
				INFOPLIST_KEY_UIApplicationSupportsIndirectInputEvents = YES;
				INFOPLIST_KEY_UILaunchStoryboardName = LaunchScreen;
				INFOPLIST_KEY_UISupportedInterfaceOrientations = UIInterfaceOrientationPortrait;
				INFOPLIST_KEY_UISupportedInterfaceOrientations_iPad = "UIInterfaceOrientationLandscapeLeft UIInterfaceOrientationLandscapeRight UIInterfaceOrientationPortrait UIInterfaceOrientationPortraitUpsideDown";
				IPHONEOS_DEPLOYMENT_TARGET = 16.1;
				LD_RUNPATH_SEARCH_PATHS = (
					"$(inherited)",
					"@executable_path/Frameworks",
				);
				MARKETING_VERSION = 1.0;
				PRODUCT_BUNDLE_IDENTIFIER = com.Groot.PDSDiary;
				PRODUCT_NAME = "$(TARGET_NAME)";
				SUPPORTED_PLATFORMS = "iphoneos iphonesimulator";
				SUPPORTS_MACCATALYST = NO;
				SUPPORTS_MAC_DESIGNED_FOR_IPHONE_IPAD = NO;
				SWIFT_EMIT_LOC_STRINGS = YES;
				SWIFT_VERSION = 5.0;
				TARGETED_DEVICE_FAMILY = 1;
			};
			name = Debug;
		};
		37EF1625293DD86D00951A60 /* Release */ = {
			isa = XCBuildConfiguration;
			buildSettings = {
				ASSETCATALOG_COMPILER_APPICON_NAME = AppIcon;
				ASSETCATALOG_COMPILER_GLOBAL_ACCENT_COLOR_NAME = AccentColor;
				CODE_SIGN_STYLE = Automatic;
				CURRENT_PROJECT_VERSION = 1;
				DEVELOPMENT_TEAM = T88X9NULSG;
				GENERATE_INFOPLIST_FILE = YES;
				INFOPLIST_FILE = PDSDiary/Resources/Info.plist;
				INFOPLIST_KEY_CFBundleDisplayName = "PDS Diary";
				INFOPLIST_KEY_LSApplicationCategoryType = "public.app-category.lifestyle";
				INFOPLIST_KEY_UIApplicationSupportsIndirectInputEvents = YES;
				INFOPLIST_KEY_UILaunchStoryboardName = LaunchScreen;
				INFOPLIST_KEY_UISupportedInterfaceOrientations = UIInterfaceOrientationPortrait;
				INFOPLIST_KEY_UISupportedInterfaceOrientations_iPad = "UIInterfaceOrientationLandscapeLeft UIInterfaceOrientationLandscapeRight UIInterfaceOrientationPortrait UIInterfaceOrientationPortraitUpsideDown";
				IPHONEOS_DEPLOYMENT_TARGET = 16.1;
				LD_RUNPATH_SEARCH_PATHS = (
					"$(inherited)",
					"@executable_path/Frameworks",
				);
				MARKETING_VERSION = 1.0;
				PRODUCT_BUNDLE_IDENTIFIER = com.Groot.PDSDiary;
				PRODUCT_NAME = "$(TARGET_NAME)";
				SUPPORTED_PLATFORMS = "iphoneos iphonesimulator";
				SUPPORTS_MACCATALYST = NO;
				SUPPORTS_MAC_DESIGNED_FOR_IPHONE_IPAD = NO;
				SWIFT_EMIT_LOC_STRINGS = YES;
				SWIFT_VERSION = 5.0;
				TARGETED_DEVICE_FAMILY = 1;
			};
			name = Release;
		};
/* End XCBuildConfiguration section */

/* Begin XCConfigurationList section */
		37EF1607293DD86C00951A60 /* Build configuration list for PBXProject "PDSDiary" */ = {
			isa = XCConfigurationList;
			buildConfigurations = (
				37EF1621293DD86D00951A60 /* Debug */,
				37EF1622293DD86D00951A60 /* Release */,
			);
			defaultConfigurationIsVisible = 0;
			defaultConfigurationName = Release;
		};
		37EF1623293DD86D00951A60 /* Build configuration list for PBXNativeTarget "PDSDiary" */ = {
			isa = XCConfigurationList;
			buildConfigurations = (
				37EF1624293DD86D00951A60 /* Debug */,
				37EF1625293DD86D00951A60 /* Release */,
			);
			defaultConfigurationIsVisible = 0;
			defaultConfigurationName = Release;
		};
/* End XCConfigurationList section */

/* Begin XCVersionGroup section */
		37EF1618293DD86C00951A60 /* PDSDiary.xcdatamodeld */ = {
			isa = XCVersionGroup;
			children = (
				37EF1619293DD86C00951A60 /* PDSDiary.xcdatamodel */,
			);
			currentVersion = 37EF1619293DD86C00951A60 /* PDSDiary.xcdatamodel */;
			path = PDSDiary.xcdatamodeld;
			sourceTree = "<group>";
			versionGroupType = wrapper.xcdatamodel;
		};
/* End XCVersionGroup section */
	};
	rootObject = 37EF1604293DD86C00951A60 /* Project object */;
}
